
Microsoft Visual Studio Solution File, Format Version 12.00
# Visual Studio Version 17
VisualStudioVersion = 17.5.33627.172
MinimumVisualStudioVersion = 10.0.40219.1
Project("{FAE04EC0-301F-11D3-BF4B-00C04F79EFBC}") = "WhatToEatAPI", "WhatToEatAPI\WhatToEatAPI.csproj", "{2846917F-39E6-429A-981F-F750E31E71AA}"
EndProject
Global
	GlobalSection(SolutionConfigurationPlatforms) = preSolution
		Debug|Any CPU = Debug|Any CPU
		Release|Any CPU = Release|Any CPU
	EndGlobalSection
	GlobalSection(ProjectConfigurationPlatforms) = postSolution
		{2846917F-39E6-429A-981F-F750E31E71AA}.Debug|Any CPU.ActiveCfg = Debug|Any CPU
		{2846917F-39E6-429A-981F-F750E31E71AA}.Debug|Any CPU.Build.0 = Debug|Any CPU
		{2846917F-39E6-429A-981F-F750E31E71AA}.Release|Any CPU.ActiveCfg = Release|Any CPU
		{2846917F-39E6-429A-981F-F750E31E71AA}.Release|Any CPU.Build.0 = Release|Any CPU
	EndGlobalSection
	GlobalSection(SolutionProperties) = preSolution
		HideSolutionNode = FALSE
	EndGlobalSection
	GlobalSection(ExtensibilityGlobals) = postSolution
		SolutionGuid = {4E61E878-B6D4-4FC6-B9A8-C77D1B6E915E}
	EndGlobalSection
EndGlobal
